
Microsoft Visual Studio Solution File, Format Version 12.00
# Visual Studio Version 17
VisualStudioVersion = 17.2.32630.192
MinimumVisualStudioVersion = 10.0.40219.1
Project("{9A19103F-16F7-4668-BE54-9A1E7A4F7556}") = "R5T.F0062", "R5T.F0062\R5T.F0062.csproj", "{39D3E000-4CDD-4DD3-B0DB-6EC0C4F457B2}"
EndProject
Project("{2150E333-8FDC-42A3-9474-1A3956D46DE8}") = "_Dependencies", "_Dependencies", "{E80D353C-79F6-442E-8254-221E49783B52}"
EndProject
Project("{9A19103F-16F7-4668-BE54-9A1E7A4F7556}") = "R5T.T0132", "..\..\R5T.T0132\source\R5T.T0132\R5T.T0132.csproj", "{E3963E44-F348-4615-8318-F6A6ECB71654}"
EndProject
Project("{9A19103F-16F7-4668-BE54-9A1E7A4F7556}") = "R5T.F0000", "..\..\R5T.F0000\source\R5T.F0000\R5T.F0000.csproj", "{4C9D4D27-EB2B-4734-95C4-56AE9EA634FB}"
EndProject
Project("{9A19103F-16F7-4668-BE54-9A1E7A4F7556}") = "R5T.T0143", "..\..\R5T.T0143\source\R5T.T0143\R5T.T0143.csproj", "{6EFD87CB-0C61-4D28-9460-29E9129B78A6}"
EndProject
Project("{9A19103F-16F7-4668-BE54-9A1E7A4F7556}") = "R5T.T0142", "..\..\R5T.T0142\source\R5T.T0142\R5T.T0142.csproj", "{8A1D1FD1-618B-4582-ACA3-1DF46D9FB9F5}"
EndProject
Project("{9A19103F-16F7-4668-BE54-9A1E7A4F7556}") = "R5T.Z0000", "..\..\R5T.Z0000\source\R5T.Z0000\R5T.Z0000.csproj", "{C0AB8D37-8F04-43CB-B802-A4609444A373}"
EndProject
Project("{9A19103F-16F7-4668-BE54-9A1E7A4F7556}") = "R5T.T0131", "..\..\R5T.T0131\source\R5T.T0131\R5T.T0131.csproj", "{66641BE6-09A3-411A-957E-2689CF03217C}"
EndProject
Project("{9A19103F-16F7-4668-BE54-9A1E7A4F7556}") = "R5T.Y0000", "..\..\R5T.Y0000\source\R5T.Y0000\R5T.Y0000.csproj", "{71717854-30B2-41ED-A167-B8137851D618}"
EndProject
Project("{9A19103F-16F7-4668-BE54-9A1E7A4F7556}") = "R5T.NG0012", "..\..\R5T.NG0012\source\R5T.NG0012\R5T.NG0012.csproj", "{21FCBB7F-5FB1-4EAB-8F4B-2162D7A558A9}"
EndProject
Project("{9A19103F-16F7-4668-BE54-9A1E7A4F7556}") = "R5T.T0156", "..\..\R5T.T0156\source\R5T.T0156\R5T.T0156.csproj", "{BA63E526-135A-4C3D-854C-4B344B01A52A}"
EndProject
Global
	GlobalSection(NestedProjects) = preSolution
		{E3963E44-F348-4615-8318-F6A6ECB71654} = {E80D353C-79F6-442E-8254-221E49783B52}
		{4C9D4D27-EB2B-4734-95C4-56AE9EA634FB} = {E80D353C-79F6-442E-8254-221E49783B52}
		{6EFD87CB-0C61-4D28-9460-29E9129B78A6} = {E80D353C-79F6-442E-8254-221E49783B52}
		{8A1D1FD1-618B-4582-ACA3-1DF46D9FB9F5} = {E80D353C-79F6-442E-8254-221E49783B52}
		{C0AB8D37-8F04-43CB-B802-A4609444A373} = {E80D353C-79F6-442E-8254-221E49783B52}
		{66641BE6-09A3-411A-957E-2689CF03217C} = {E80D353C-79F6-442E-8254-221E49783B52}
		{71717854-30B2-41ED-A167-B8137851D618} = {E80D353C-79F6-442E-8254-221E49783B52}
		{21FCBB7F-5FB1-4EAB-8F4B-2162D7A558A9} = {E80D353C-79F6-442E-8254-221E49783B52}
		{BA63E526-135A-4C3D-854C-4B344B01A52A} = {E80D353C-79F6-442E-8254-221E49783B52}
	EndGlobalSection
	GlobalSection(SolutionConfigurationPlatforms) = preSolution
		Debug|Any CPU = Debug|Any CPU
		Release|Any CPU = Release|Any CPU
	EndGlobalSection
	GlobalSection(ProjectConfigurationPlatforms) = postSolution
		{39D3E000-4CDD-4DD3-B0DB-6EC0C4F457B2}.Debug|Any CPU.ActiveCfg = Debug|Any CPU
		{39D3E000-4CDD-4DD3-B0DB-6EC0C4F457B2}.Debug|Any CPU.Build.0 = Debug|Any CPU
		{39D3E000-4CDD-4DD3-B0DB-6EC0C4F457B2}.Release|Any CPU.ActiveCfg = Release|Any CPU
		{39D3E000-4CDD-4DD3-B0DB-6EC0C4F457B2}.Release|Any CPU.Build.0 = Release|Any CPU
		{E3963E44-F348-4615-8318-F6A6ECB71654}.Debug|Any CPU.ActiveCfg = Debug|Any CPU
		{E3963E44-F348-4615-8318-F6A6ECB71654}.Debug|Any CPU.Build.0 = Debug|Any CPU
		{E3963E44-F348-4615-8318-F6A6ECB71654}.Release|Any CPU.ActiveCfg = Release|Any CPU
		{E3963E44-F348-4615-8318-F6A6ECB71654}.Release|Any CPU.Build.0 = Release|Any CPU
		{4C9D4D27-EB2B-4734-95C4-56AE9EA634FB}.Debug|Any CPU.ActiveCfg = Debug|Any CPU
		{4C9D4D27-EB2B-4734-95C4-56AE9EA634FB}.Debug|Any CPU.Build.0 = Debug|Any CPU
		{4C9D4D27-EB2B-4734-95C4-56AE9EA634FB}.Release|Any CPU.ActiveCfg = Release|Any CPU
		{4C9D4D27-EB2B-4734-95C4-56AE9EA634FB}.Release|Any CPU.Build.0 = Release|Any CPU
		{6EFD87CB-0C61-4D28-9460-29E9129B78A6}.Debug|Any CPU.ActiveCfg = Debug|Any CPU
		{6EFD87CB-0C61-4D28-9460-29E9129B78A6}.Debug|Any CPU.Build.0 = Debug|Any CPU
		{6EFD87CB-0C61-4D28-9460-29E9129B78A6}.Release|Any CPU.ActiveCfg = Release|Any CPU
		{6EFD87CB-0C61-4D28-9460-29E9129B78A6}.Release|Any CPU.Build.0 = Release|Any CPU
		{8A1D1FD1-618B-4582-ACA3-1DF46D9FB9F5}.Debug|Any CPU.ActiveCfg = Debug|Any CPU
		{8A1D1FD1-618B-4582-ACA3-1DF46D9FB9F5}.Debug|Any CPU.Build.0 = Debug|Any CPU
		{8A1D1FD1-618B-4582-ACA3-1DF46D9FB9F5}.Release|Any CPU.ActiveCfg = Release|Any CPU
		{8A1D1FD1-618B-4582-ACA3-1DF46D9FB9F5}.Release|Any CPU.Build.0 = Release|Any CPU
		{C0AB8D37-8F04-43CB-B802-A4609444A373}.Debug|Any CPU.ActiveCfg = Debug|Any CPU
		{C0AB8D37-8F04-43CB-B802-A4609444A373}.Debug|Any CPU.Build.0 = Debug|Any CPU
		{C0AB8D37-8F04-43CB-B802-A4609444A373}.Release|Any CPU.ActiveCfg = Release|Any CPU
		{C0AB8D37-8F04-43CB-B802-A4609444A373}.Release|Any CPU.Build.0 = Release|Any CPU
		{66641BE6-09A3-411A-957E-2689CF03217C}.Debug|Any CPU.ActiveCfg = Debug|Any CPU
		{66641BE6-09A3-411A-957E-2689CF03217C}.Debug|Any CPU.Build.0 = Debug|Any CPU
		{66641BE6-09A3-411A-957E-2689CF03217C}.Release|Any CPU.ActiveCfg = Release|Any CPU
		{66641BE6-09A3-411A-957E-2689CF03217C}.Release|Any CPU.Build.0 = Release|Any CPU
		{71717854-30B2-41ED-A167-B8137851D618}.Debug|Any CPU.ActiveCfg = Debug|Any CPU
		{71717854-30B2-41ED-A167-B8137851D618}.Debug|Any CPU.Build.0 = Debug|Any CPU
		{71717854-30B2-41ED-A167-B8137851D618}.Release|Any CPU.ActiveCfg = Release|Any CPU
		{71717854-30B2-41ED-A167-B8137851D618}.Release|Any CPU.Build.0 = Release|Any CPU
		{21FCBB7F-5FB1-4EAB-8F4B-2162D7A558A9}.Debug|Any CPU.ActiveCfg = Debug|Any CPU
		{21FCBB7F-5FB1-4EAB-8F4B-2162D7A558A9}.Debug|Any CPU.Build.0 = Debug|Any CPU
		{21FCBB7F-5FB1-4EAB-8F4B-2162D7A558A9}.Release|Any CPU.ActiveCfg = Release|Any CPU
		{21FCBB7F-5FB1-4EAB-8F4B-2162D7A558A9}.Release|Any CPU.Build.0 = Release|Any CPU
		{BA63E526-135A-4C3D-854C-4B344B01A52A}.Debug|Any CPU.ActiveCfg = Debug|Any CPU
		{BA63E526-135A-4C3D-854C-4B344B01A52A}.Debug|Any CPU.Build.0 = Debug|Any CPU
		{BA63E526-135A-4C3D-854C-4B344B01A52A}.Release|Any CPU.ActiveCfg = Release|Any CPU
		{BA63E526-135A-4C3D-854C-4B344B01A52A}.Release|Any CPU.Build.0 = Release|Any CPU
	EndGlobalSection
	GlobalSection(SolutionProperties) = preSolution
		HideSolutionNode = FALSE
	EndGlobalSection
	GlobalSection(ExtensibilityGlobals) = postSolution
		SolutionGuid = {A9F2FA6F-FBDB-4A39-B4D6-8C6001A8F2AC}
	EndGlobalSection
EndGlobal
