
Microsoft Visual Studio Solution File, Format Version 12.00
# Visual Studio Version 17
VisualStudioVersion = 17.2.32630.192
MinimumVisualStudioVersion = 10.0.40219.1
Project("{9A19103F-16F7-4668-BE54-9A1E7A4F7556}") = "R5T.F0062.Construction", "R5T.F0062.Construction\R5T.F0062.Construction.csproj", "{76CFC0A9-4974-4B44-8734-AD8DB441D5B8}"
EndProject
Project("{9A19103F-16F7-4668-BE54-9A1E7A4F7556}") = "R5T.F0062", "R5T.F0062\R5T.F0062.csproj", "{BAA0E044-EC7C-4691-AE51-C14DE04BC52D}"
EndProject
Project("{2150E333-8FDC-42A3-9474-1A3956D46DE8}") = "_Dependencies", "_Dependencies", "{180A96DC-2728-42F5-9BC9-EA3A1508557B}"
EndProject
Project("{9A19103F-16F7-4668-BE54-9A1E7A4F7556}") = "R5T.L0066", "..\..\R5T.L0066\source\R5T.L0066\R5T.L0066.csproj", "{A138EBAD-1AB6-4F0B-8A6B-4D3D1E7A23E6}"
EndProject
Project("{9A19103F-16F7-4668-BE54-9A1E7A4F7556}") = "R5T.NG0012", "..\..\R5T.NG0012\source\R5T.NG0012\R5T.NG0012.csproj", "{4AD5FD4D-684F-413B-B256-43F103DDCC5A}"
EndProject
Project("{9A19103F-16F7-4668-BE54-9A1E7A4F7556}") = "R5T.T0131", "..\..\R5T.T0131\source\R5T.T0131\R5T.T0131.csproj", "{29684A75-A002-455A-8980-43AF656747D3}"
EndProject
Project("{9A19103F-16F7-4668-BE54-9A1E7A4F7556}") = "R5T.T0132", "..\..\R5T.T0132\source\R5T.T0132\R5T.T0132.csproj", "{D4BAC2CC-4245-4A87-93EF-2525C1FF33BE}"
EndProject
Project("{9A19103F-16F7-4668-BE54-9A1E7A4F7556}") = "R5T.T0142", "..\..\R5T.T0142\source\R5T.T0142\R5T.T0142.csproj", "{32BBF5DE-29A8-4106-A27B-3D36F0096D5A}"
EndProject
Project("{9A19103F-16F7-4668-BE54-9A1E7A4F7556}") = "R5T.T0143", "..\..\R5T.T0143\source\R5T.T0143\R5T.T0143.csproj", "{D3FAB7F0-B50C-4A34-92BB-447421E0DAB7}"
EndProject
Project("{9A19103F-16F7-4668-BE54-9A1E7A4F7556}") = "R5T.T0156", "..\..\R5T.T0156\source\R5T.T0156\R5T.T0156.csproj", "{F49F6754-5B5A-4806-822B-7149F55E55E3}"
EndProject
Project("{9A19103F-16F7-4668-BE54-9A1E7A4F7556}") = "R5T.T0241", "..\..\R5T.T0241\source\R5T.T0241\R5T.T0241.csproj", "{3BFCDA9B-F305-4922-AC51-5EA867B53827}"
EndProject
Project("{9A19103F-16F7-4668-BE54-9A1E7A4F7556}") = "R5T.Y0006", "..\..\R5T.Y0006\source\R5T.Y0006\R5T.Y0006.csproj", "{83441C00-7F28-41DA-B0A0-ED0642AC2133}"
EndProject
Global
	GlobalSection(NestedProjects) = preSolution
		{A138EBAD-1AB6-4F0B-8A6B-4D3D1E7A23E6} = {180A96DC-2728-42F5-9BC9-EA3A1508557B}
		{4AD5FD4D-684F-413B-B256-43F103DDCC5A} = {180A96DC-2728-42F5-9BC9-EA3A1508557B}
		{29684A75-A002-455A-8980-43AF656747D3} = {180A96DC-2728-42F5-9BC9-EA3A1508557B}
		{D4BAC2CC-4245-4A87-93EF-2525C1FF33BE} = {180A96DC-2728-42F5-9BC9-EA3A1508557B}
		{32BBF5DE-29A8-4106-A27B-3D36F0096D5A} = {180A96DC-2728-42F5-9BC9-EA3A1508557B}
		{D3FAB7F0-B50C-4A34-92BB-447421E0DAB7} = {180A96DC-2728-42F5-9BC9-EA3A1508557B}
		{F49F6754-5B5A-4806-822B-7149F55E55E3} = {180A96DC-2728-42F5-9BC9-EA3A1508557B}
		{3BFCDA9B-F305-4922-AC51-5EA867B53827} = {180A96DC-2728-42F5-9BC9-EA3A1508557B}
		{83441C00-7F28-41DA-B0A0-ED0642AC2133} = {180A96DC-2728-42F5-9BC9-EA3A1508557B}
	EndGlobalSection
	GlobalSection(SolutionConfigurationPlatforms) = preSolution
		Debug|Any CPU = Debug|Any CPU
		Release|Any CPU = Release|Any CPU
	EndGlobalSection
	GlobalSection(ProjectConfigurationPlatforms) = postSolution
		{76CFC0A9-4974-4B44-8734-AD8DB441D5B8}.Debug|Any CPU.ActiveCfg = Debug|Any CPU
		{76CFC0A9-4974-4B44-8734-AD8DB441D5B8}.Debug|Any CPU.Build.0 = Debug|Any CPU
		{76CFC0A9-4974-4B44-8734-AD8DB441D5B8}.Release|Any CPU.ActiveCfg = Release|Any CPU
		{76CFC0A9-4974-4B44-8734-AD8DB441D5B8}.Release|Any CPU.Build.0 = Release|Any CPU
		{BAA0E044-EC7C-4691-AE51-C14DE04BC52D}.Debug|Any CPU.ActiveCfg = Debug|Any CPU
		{BAA0E044-EC7C-4691-AE51-C14DE04BC52D}.Debug|Any CPU.Build.0 = Debug|Any CPU
		{BAA0E044-EC7C-4691-AE51-C14DE04BC52D}.Release|Any CPU.ActiveCfg = Release|Any CPU
		{BAA0E044-EC7C-4691-AE51-C14DE04BC52D}.Release|Any CPU.Build.0 = Release|Any CPU
		{A138EBAD-1AB6-4F0B-8A6B-4D3D1E7A23E6}.Debug|Any CPU.ActiveCfg = Debug|Any CPU
		{A138EBAD-1AB6-4F0B-8A6B-4D3D1E7A23E6}.Debug|Any CPU.Build.0 = Debug|Any CPU
		{A138EBAD-1AB6-4F0B-8A6B-4D3D1E7A23E6}.Release|Any CPU.ActiveCfg = Release|Any CPU
		{A138EBAD-1AB6-4F0B-8A6B-4D3D1E7A23E6}.Release|Any CPU.Build.0 = Release|Any CPU
		{4AD5FD4D-684F-413B-B256-43F103DDCC5A}.Debug|Any CPU.ActiveCfg = Debug|Any CPU
		{4AD5FD4D-684F-413B-B256-43F103DDCC5A}.Debug|Any CPU.Build.0 = Debug|Any CPU
		{4AD5FD4D-684F-413B-B256-43F103DDCC5A}.Release|Any CPU.ActiveCfg = Release|Any CPU
		{4AD5FD4D-684F-413B-B256-43F103DDCC5A}.Release|Any CPU.Build.0 = Release|Any CPU
		{29684A75-A002-455A-8980-43AF656747D3}.Debug|Any CPU.ActiveCfg = Debug|Any CPU
		{29684A75-A002-455A-8980-43AF656747D3}.Debug|Any CPU.Build.0 = Debug|Any CPU
		{29684A75-A002-455A-8980-43AF656747D3}.Release|Any CPU.ActiveCfg = Release|Any CPU
		{29684A75-A002-455A-8980-43AF656747D3}.Release|Any CPU.Build.0 = Release|Any CPU
		{D4BAC2CC-4245-4A87-93EF-2525C1FF33BE}.Debug|Any CPU.ActiveCfg = Debug|Any CPU
		{D4BAC2CC-4245-4A87-93EF-2525C1FF33BE}.Debug|Any CPU.Build.0 = Debug|Any CPU
		{D4BAC2CC-4245-4A87-93EF-2525C1FF33BE}.Release|Any CPU.ActiveCfg = Release|Any CPU
		{D4BAC2CC-4245-4A87-93EF-2525C1FF33BE}.Release|Any CPU.Build.0 = Release|Any CPU
		{32BBF5DE-29A8-4106-A27B-3D36F0096D5A}.Debug|Any CPU.ActiveCfg = Debug|Any CPU
		{32BBF5DE-29A8-4106-A27B-3D36F0096D5A}.Debug|Any CPU.Build.0 = Debug|Any CPU
		{32BBF5DE-29A8-4106-A27B-3D36F0096D5A}.Release|Any CPU.ActiveCfg = Release|Any CPU
		{32BBF5DE-29A8-4106-A27B-3D36F0096D5A}.Release|Any CPU.Build.0 = Release|Any CPU
		{D3FAB7F0-B50C-4A34-92BB-447421E0DAB7}.Debug|Any CPU.ActiveCfg = Debug|Any CPU
		{D3FAB7F0-B50C-4A34-92BB-447421E0DAB7}.Debug|Any CPU.Build.0 = Debug|Any CPU
		{D3FAB7F0-B50C-4A34-92BB-447421E0DAB7}.Release|Any CPU.ActiveCfg = Release|Any CPU
		{D3FAB7F0-B50C-4A34-92BB-447421E0DAB7}.Release|Any CPU.Build.0 = Release|Any CPU
		{F49F6754-5B5A-4806-822B-7149F55E55E3}.Debug|Any CPU.ActiveCfg = Debug|Any CPU
		{F49F6754-5B5A-4806-822B-7149F55E55E3}.Debug|Any CPU.Build.0 = Debug|Any CPU
		{F49F6754-5B5A-4806-822B-7149F55E55E3}.Release|Any CPU.ActiveCfg = Release|Any CPU
		{F49F6754-5B5A-4806-822B-7149F55E55E3}.Release|Any CPU.Build.0 = Release|Any CPU
		{3BFCDA9B-F305-4922-AC51-5EA867B53827}.Debug|Any CPU.ActiveCfg = Debug|Any CPU
		{3BFCDA9B-F305-4922-AC51-5EA867B53827}.Debug|Any CPU.Build.0 = Debug|Any CPU
		{3BFCDA9B-F305-4922-AC51-5EA867B53827}.Release|Any CPU.ActiveCfg = Release|Any CPU
		{3BFCDA9B-F305-4922-AC51-5EA867B53827}.Release|Any CPU.Build.0 = Release|Any CPU
		{83441C00-7F28-41DA-B0A0-ED0642AC2133}.Debug|Any CPU.ActiveCfg = Debug|Any CPU
		{83441C00-7F28-41DA-B0A0-ED0642AC2133}.Debug|Any CPU.Build.0 = Debug|Any CPU
		{83441C00-7F28-41DA-B0A0-ED0642AC2133}.Release|Any CPU.ActiveCfg = Release|Any CPU
		{83441C00-7F28-41DA-B0A0-ED0642AC2133}.Release|Any CPU.Build.0 = Release|Any CPU
	EndGlobalSection
	GlobalSection(SolutionProperties) = preSolution
		HideSolutionNode = FALSE
	EndGlobalSection
	GlobalSection(ExtensibilityGlobals) = postSolution
		SolutionGuid = {3AE8C41A-17BD-4A9B-B588-A4F12D2B79C8}
	EndGlobalSection
EndGlobal
